
Microsoft Visual Studio Solution File, Format Version 12.00
# Visual Studio 15
Project("{FAE04EC0-301F-11D3-BF4B-00C04F79EFBC}") = "Geardao.Deploy.Supervisor", "Geardao.Deploy.Supervisor\Geardao.Deploy.Supervisor.csproj", "{F9C1C759-AFA5-473B-BA96-7C04369EB5B3}"
EndProject
Project("{FAE04EC0-301F-11D3-BF4B-00C04F79EFBC}") = "Geardao.Deploy.Worker", "Geardao.Deploy.Worker\Geardao.Deploy.Worker.csproj", "{0EF357CA-1F70-4C2D-8D20-65303D3520E6}"
EndProject
Project("{FAE04EC0-301F-11D3-BF4B-00C04F79EFBC}") = "Worker2", "Worker2\Worker2.csproj", "{AD0E91C3-7610-4C01-B3D5-D1134D344D46}"
EndProject
Global
	GlobalSection(SolutionConfigurationPlatforms) = preSolution
		Debug|Any CPU = Debug|Any CPU
		Release|Any CPU = Release|Any CPU
	EndGlobalSection
	GlobalSection(ProjectConfigurationPlatforms) = postSolution
		{F9C1C759-AFA5-473B-BA96-7C04369EB5B3}.Debug|Any CPU.ActiveCfg = Debug|Any CPU
		{F9C1C759-AFA5-473B-BA96-7C04369EB5B3}.Debug|Any CPU.Build.0 = Debug|Any CPU
		{F9C1C759-AFA5-473B-BA96-7C04369EB5B3}.Release|Any CPU.ActiveCfg = Release|Any CPU
		{F9C1C759-AFA5-473B-BA96-7C04369EB5B3}.Release|Any CPU.Build.0 = Release|Any CPU
		{0EF357CA-1F70-4C2D-8D20-65303D3520E6}.Debug|Any CPU.ActiveCfg = Debug|Any CPU
		{0EF357CA-1F70-4C2D-8D20-65303D3520E6}.Debug|Any CPU.Build.0 = Debug|Any CPU
		{0EF357CA-1F70-4C2D-8D20-65303D3520E6}.Release|Any CPU.ActiveCfg = Release|Any CPU
		{0EF357CA-1F70-4C2D-8D20-65303D3520E6}.Release|Any CPU.Build.0 = Release|Any CPU
		{AD0E91C3-7610-4C01-B3D5-D1134D344D46}.Debug|Any CPU.ActiveCfg = Debug|Any CPU
		{AD0E91C3-7610-4C01-B3D5-D1134D344D46}.Debug|Any CPU.Build.0 = Debug|Any CPU
		{AD0E91C3-7610-4C01-B3D5-D1134D344D46}.Release|Any CPU.ActiveCfg = Release|Any CPU
		{AD0E91C3-7610-4C01-B3D5-D1134D344D46}.Release|Any CPU.Build.0 = Release|Any CPU
	EndGlobalSection
EndGlobal
